
Microsoft Visual Studio Solution File, Format Version 12.00
# Visual Studio Version 17
VisualStudioVersion = 17.0.31919.166
MinimumVisualStudioVersion = 10.0.40219.1
Project("{FAE04EC0-301F-11D3-BF4B-00C04F79EFBC}") = "InfrastructureManagement.Api", "InfrastructureManagement.Api\InfrastructureManagement.Api.csproj", "{29E8BAA7-984F-48C5-BD67-1D736CE8C964}"
EndProject
Project("{FAE04EC0-301F-11D3-BF4B-00C04F79EFBC}") = "InfrastructureManagement.Core", "InfrastructureManagement.Core\InfrastructureManagement.Core.csproj", "{2A463297-5E74-4784-9CE6-3689C1DE39C7}"
EndProject
Project("{FAE04EC0-301F-11D3-BF4B-00C04F79EFBC}") = "InfrastructureManagement.Infrastructure", "InfrastructureManagement.Infrastructure\InfrastructureManagement.Infrastructure.csproj", "{40893A40-28A6-4F83-9A9B-019F9922888C}"
EndProject
Global
	GlobalSection(SolutionConfigurationPlatforms) = preSolution
		Debug|Any CPU = Debug|Any CPU
		Release|Any CPU = Release|Any CPU
	EndGlobalSection
	GlobalSection(ProjectConfigurationPlatforms) = postSolution
		{29E8BAA7-984F-48C5-BD67-1D736CE8C964}.Debug|Any CPU.ActiveCfg = Debug|Any CPU
		{29E8BAA7-984F-48C5-BD67-1D736CE8C964}.Debug|Any CPU.Build.0 = Debug|Any CPU
		{29E8BAA7-984F-48C5-BD67-1D736CE8C964}.Release|Any CPU.ActiveCfg = Release|Any CPU
		{29E8BAA7-984F-48C5-BD67-1D736CE8C964}.Release|Any CPU.Build.0 = Release|Any CPU
		{2A463297-5E74-4784-9CE6-3689C1DE39C7}.Debug|Any CPU.ActiveCfg = Debug|Any CPU
		{2A463297-5E74-4784-9CE6-3689C1DE39C7}.Debug|Any CPU.Build.0 = Debug|Any CPU
		{2A463297-5E74-4784-9CE6-3689C1DE39C7}.Release|Any CPU.ActiveCfg = Release|Any CPU
		{2A463297-5E74-4784-9CE6-3689C1DE39C7}.Release|Any CPU.Build.0 = Release|Any CPU
		{40893A40-28A6-4F83-9A9B-019F9922888C}.Debug|Any CPU.ActiveCfg = Debug|Any CPU
		{40893A40-28A6-4F83-9A9B-019F9922888C}.Debug|Any CPU.Build.0 = Debug|Any CPU
		{40893A40-28A6-4F83-9A9B-019F9922888C}.Release|Any CPU.ActiveCfg = Release|Any CPU
		{40893A40-28A6-4F83-9A9B-019F9922888C}.Release|Any CPU.Build.0 = Release|Any CPU
	EndGlobalSection
	GlobalSection(SolutionProperties) = preSolution
		HideSolutionNode = FALSE
	EndGlobalSection
	GlobalSection(ExtensibilityGlobals) = postSolution
		SolutionGuid = {514C0D94-5285-470C-8F10-233BFCE78FAE}
	EndGlobalSection
EndGlobal
